
Microsoft Visual Studio Solution File, Format Version 12.00
# Visual Studio Version 16
VisualStudioVersion = 16.0.31727.386
MinimumVisualStudioVersion = 10.0.40219.1
Project("{9A19103F-16F7-4668-BE54-9A1E7A4F7556}") = "BookTicket", "BookTicket\BookTicket.csproj", "{7C71FA37-C03D-48C3-B123-671A061A9332}"
EndProject
Project("{9A19103F-16F7-4668-BE54-9A1E7A4F7556}") = "APIGateway", "APIGateway\APIGateway.csproj", "{D1E19F1B-00EB-4ABA-9140-CDA15F397F19}"
EndProject
Project("{9A19103F-16F7-4668-BE54-9A1E7A4F7556}") = "CancelTicket", "CancelTicket\CancelTicket.csproj", "{01C0D0AD-0FE7-4D10-8DB0-52E9C8EDC54B}"
EndProject
Project("{9A19103F-16F7-4668-BE54-9A1E7A4F7556}") = "LoginSecurity", "LoginSecurity\LoginSecurity.csproj", "{7E4A4C5E-E813-4D45-8284-8AFA3F999959}"
EndProject
Project("{9A19103F-16F7-4668-BE54-9A1E7A4F7556}") = "Download_Ticket", "Download_Ticket\Download_Ticket.csproj", "{441CF109-D96E-42EF-98ED-94DB92539C13}"
EndProject
Project("{9A19103F-16F7-4668-BE54-9A1E7A4F7556}") = "Check_Status_with_PNR", "Check_Status_with_PNR\Check_Status_with_PNR.csproj", "{30AAE329-EE72-4E01-8E70-295DCE056114}"
EndProject
Project("{2150E333-8FDC-42A3-9474-1A3956D46DE8}") = "Airline_Operations", "Airline_Operations", "{2063D73D-C399-4B2B-AF90-C960258BC352}"
EndProject
Project("{9A19103F-16F7-4668-BE54-9A1E7A4F7556}") = "Modify_Airline_Details", "Modify_Airline_Details\Modify_Airline_Details.csproj", "{3DE8B727-F666-4154-AE28-EC1B25B0F42B}"
EndProject
Project("{9A19103F-16F7-4668-BE54-9A1E7A4F7556}") = "Airline", "Airline\Airline.csproj", "{B9EBA68C-798B-45B7-839C-DBD3D613FE9D}"
EndProject
Project("{FAE04EC0-301F-11D3-BF4B-00C04F79EFBC}") = "APIGatewayHttps", "APIGatewayHttps\APIGatewayHttps.csproj", "{22B133C6-6B57-4629-9A20-C1DFDBE6AE9A}"
EndProject
Global
	GlobalSection(SolutionConfigurationPlatforms) = preSolution
		Debug|Any CPU = Debug|Any CPU
		Release|Any CPU = Release|Any CPU
	EndGlobalSection
	GlobalSection(ProjectConfigurationPlatforms) = postSolution
		{7C71FA37-C03D-48C3-B123-671A061A9332}.Debug|Any CPU.ActiveCfg = Debug|Any CPU
		{7C71FA37-C03D-48C3-B123-671A061A9332}.Debug|Any CPU.Build.0 = Debug|Any CPU
		{7C71FA37-C03D-48C3-B123-671A061A9332}.Release|Any CPU.ActiveCfg = Release|Any CPU
		{7C71FA37-C03D-48C3-B123-671A061A9332}.Release|Any CPU.Build.0 = Release|Any CPU
		{D1E19F1B-00EB-4ABA-9140-CDA15F397F19}.Debug|Any CPU.ActiveCfg = Debug|Any CPU
		{D1E19F1B-00EB-4ABA-9140-CDA15F397F19}.Debug|Any CPU.Build.0 = Debug|Any CPU
		{D1E19F1B-00EB-4ABA-9140-CDA15F397F19}.Release|Any CPU.ActiveCfg = Release|Any CPU
		{D1E19F1B-00EB-4ABA-9140-CDA15F397F19}.Release|Any CPU.Build.0 = Release|Any CPU
		{01C0D0AD-0FE7-4D10-8DB0-52E9C8EDC54B}.Debug|Any CPU.ActiveCfg = Debug|Any CPU
		{01C0D0AD-0FE7-4D10-8DB0-52E9C8EDC54B}.Debug|Any CPU.Build.0 = Debug|Any CPU
		{01C0D0AD-0FE7-4D10-8DB0-52E9C8EDC54B}.Release|Any CPU.ActiveCfg = Release|Any CPU
		{01C0D0AD-0FE7-4D10-8DB0-52E9C8EDC54B}.Release|Any CPU.Build.0 = Release|Any CPU
		{7E4A4C5E-E813-4D45-8284-8AFA3F999959}.Debug|Any CPU.ActiveCfg = Debug|Any CPU
		{7E4A4C5E-E813-4D45-8284-8AFA3F999959}.Debug|Any CPU.Build.0 = Debug|Any CPU
		{7E4A4C5E-E813-4D45-8284-8AFA3F999959}.Release|Any CPU.ActiveCfg = Release|Any CPU
		{7E4A4C5E-E813-4D45-8284-8AFA3F999959}.Release|Any CPU.Build.0 = Release|Any CPU
		{441CF109-D96E-42EF-98ED-94DB92539C13}.Debug|Any CPU.ActiveCfg = Debug|Any CPU
		{441CF109-D96E-42EF-98ED-94DB92539C13}.Debug|Any CPU.Build.0 = Debug|Any CPU
		{441CF109-D96E-42EF-98ED-94DB92539C13}.Release|Any CPU.ActiveCfg = Release|Any CPU
		{441CF109-D96E-42EF-98ED-94DB92539C13}.Release|Any CPU.Build.0 = Release|Any CPU
		{30AAE329-EE72-4E01-8E70-295DCE056114}.Debug|Any CPU.ActiveCfg = Debug|Any CPU
		{30AAE329-EE72-4E01-8E70-295DCE056114}.Debug|Any CPU.Build.0 = Debug|Any CPU
		{30AAE329-EE72-4E01-8E70-295DCE056114}.Release|Any CPU.ActiveCfg = Release|Any CPU
		{30AAE329-EE72-4E01-8E70-295DCE056114}.Release|Any CPU.Build.0 = Release|Any CPU
		{3DE8B727-F666-4154-AE28-EC1B25B0F42B}.Debug|Any CPU.ActiveCfg = Debug|Any CPU
		{3DE8B727-F666-4154-AE28-EC1B25B0F42B}.Debug|Any CPU.Build.0 = Debug|Any CPU
		{3DE8B727-F666-4154-AE28-EC1B25B0F42B}.Release|Any CPU.ActiveCfg = Release|Any CPU
		{3DE8B727-F666-4154-AE28-EC1B25B0F42B}.Release|Any CPU.Build.0 = Release|Any CPU
		{B9EBA68C-798B-45B7-839C-DBD3D613FE9D}.Debug|Any CPU.ActiveCfg = Debug|Any CPU
		{B9EBA68C-798B-45B7-839C-DBD3D613FE9D}.Debug|Any CPU.Build.0 = Debug|Any CPU
		{B9EBA68C-798B-45B7-839C-DBD3D613FE9D}.Release|Any CPU.ActiveCfg = Release|Any CPU
		{B9EBA68C-798B-45B7-839C-DBD3D613FE9D}.Release|Any CPU.Build.0 = Release|Any CPU
		{22B133C6-6B57-4629-9A20-C1DFDBE6AE9A}.Debug|Any CPU.ActiveCfg = Debug|Any CPU
		{22B133C6-6B57-4629-9A20-C1DFDBE6AE9A}.Debug|Any CPU.Build.0 = Debug|Any CPU
		{22B133C6-6B57-4629-9A20-C1DFDBE6AE9A}.Release|Any CPU.ActiveCfg = Release|Any CPU
		{22B133C6-6B57-4629-9A20-C1DFDBE6AE9A}.Release|Any CPU.Build.0 = Release|Any CPU
	EndGlobalSection
	GlobalSection(SolutionProperties) = preSolution
		HideSolutionNode = FALSE
	EndGlobalSection
	GlobalSection(NestedProjects) = preSolution
		{3DE8B727-F666-4154-AE28-EC1B25B0F42B} = {2063D73D-C399-4B2B-AF90-C960258BC352}
		{B9EBA68C-798B-45B7-839C-DBD3D613FE9D} = {2063D73D-C399-4B2B-AF90-C960258BC352}
	EndGlobalSection
	GlobalSection(ExtensibilityGlobals) = postSolution
		SolutionGuid = {1E1E0F50-03A8-43C4-BD9E-0D13C87BCEA0}
	EndGlobalSection
EndGlobal
